<?xml version="1.0" encoding="UTF-8" standalone="yes" ?>
<CodeBlocks_project_file>
	<FileVersion major="1" minor="6" />
	<Project>
		<Option title="OpenGLSample" />
		<Option pch_mode="2" />
		<Option compiler="gcc" />
		<Build>
			<Target title="Debug">
				<Option output="bin/Debug/OpenGLSample" prefix_auto="1" extension_auto="1" />
				<Option object_output="obj/Debug/" />
				<Option type="1" />
				<Option compiler="gcc" />
				<Compiler>
					<Add option="-g" />
				</Compiler>
				<Linker>
					<Add library="glew32" />
					<Add library="opengl32" />
					<Add library="winmm" />
					<Add library="gdi32" />
					<Add library="glfw3dll" />
					<Add library="glu32" />
				</Linker>
			</Target>
			<Target title="Release">
				<Option output="bin/Release/OpenGLSample" prefix_auto="1" extension_auto="1" />
				<Option object_output="obj/Release/" />
				<Option type="1" />
				<Option compiler="gcc" />
				<Compiler>
					<Add option="-O2" />
				</Compiler>
				<Linker>
					<Add option="-s" />
				</Linker>
			</Target>
		</Build>
		<Compiler>
			<Add option="-Wall" />
		</Compiler>
		<Unit filename="src/fntloader.cpp" />
		<Unit filename="src/fntloader.h" />
		<Unit filename="src/gui.cpp" />
		<Unit filename="src/gui.h" />
		<Unit filename="src/main.cpp" />
		<Unit filename="src/mathlib.cpp" />
		<Unit filename="src/mathlib.h" />
		<Unit filename="src/ms3dloader.cpp" />
		<Unit filename="src/ms3dloader.h" />
		<Unit filename="src/sample1.cpp" />
		<Unit filename="src/texture.cpp" />
		<Unit filename="src/texture.h" />
		<Extensions>
			<code_completion />
			<envvars />
			<debugger />
			<lib_finder disable_auto="1" />
		</Extensions>
	</Project>
</CodeBlocks_project_file>
